
Microsoft Visual Studio Solution File, Format Version 12.00
# Visual Studio Version 17
VisualStudioVersion = 17.14.36429.23
MinimumVisualStudioVersion = 10.0.40219.1
Project("{2150E333-8FDC-42A3-9474-1A3956D46DE8}") = "Task0", "Task0", "{02EA681E-C7D8-13C7-8484-4AC65E1B71E8}"
EndProject
Project("{FAE04EC0-301F-11D3-BF4B-00C04F79EFBC}") = "Tyuiu.GalchinskayaVV.Sprint4.Task0.V15.Test", "Tyuiu.GalchinskayaVV.Sprint4.Task0.V15.Test\Tyuiu.GalchinskayaVV.Sprint4.Task0.V15.Test.csproj", "{9551CF54-9A23-458D-8E2D-C26D13A50262}"
EndProject
Project("{FAE04EC0-301F-11D3-BF4B-00C04F79EFBC}") = "Tyuiu.GalchinskayaVV.Sprint4.Task0.V15.Lib", "Tyuiu.GalchinskayaVV.Sprint4.Task0.V15.Lib\Tyuiu.GalchinskayaVV.Sprint4.Task0.V15.Lib.csproj", "{45E2E15A-5FEB-4ED4-B9F8-DD9FF927AA9D}"
EndProject
Project("{FAE04EC0-301F-11D3-BF4B-00C04F79EFBC}") = "Tyuiu.GalchinskayaVV.Sprint4.Task0.V15", "Tyuiu.GalchinskayaVV.Sprint4.Task0.V15\Tyuiu.GalchinskayaVV.Sprint4.Task0.V15.csproj", "{EB813B4D-D4AB-4537-B2A2-848E1DA34B2B}"
EndProject
Project("{2150E333-8FDC-42A3-9474-1A3956D46DE8}") = "Task1", "Task1", "{EC673C69-457F-408E-BD94-898195691892}"
EndProject
Project("{2150E333-8FDC-42A3-9474-1A3956D46DE8}") = "Task2", "Task2", "{6795F8BE-CAF0-4980-8C65-87BE5CB17686}"
EndProject
Project("{2150E333-8FDC-42A3-9474-1A3956D46DE8}") = "Task3", "Task3", "{A1BD780C-1E6F-4EC2-979C-7B7F683408B3}"
EndProject
Project("{2150E333-8FDC-42A3-9474-1A3956D46DE8}") = "Task4", "Task4", "{CC5EDEDE-92D7-4049-A559-415F1403E23A}"
EndProject
Project("{2150E333-8FDC-42A3-9474-1A3956D46DE8}") = "Task5", "Task5", "{1D54896B-4EA0-49AD-8824-75AFEC62C4FF}"
EndProject
Project("{2150E333-8FDC-42A3-9474-1A3956D46DE8}") = "Task6", "Task6", "{1207F61F-93B4-40A8-BC1E-A44314E69B7A}"
EndProject
Project("{2150E333-8FDC-42A3-9474-1A3956D46DE8}") = "Task7", "Task7", "{D6F7CE5D-58AD-41B6-8EDD-5D525AB7D9B7}"
EndProject
Project("{FAE04EC0-301F-11D3-BF4B-00C04F79EFBC}") = "Tyuiu.GalchinskayaVV.Sprint4.Task1.V15.Lib", "Tyuiu.GalchinskayaVV.Sprint4.Task1.V15.Lib\Tyuiu.GalchinskayaVV.Sprint4.Task1.V15.Lib.csproj", "{9CA29D2C-694B-4BF6-A315-2B58AAB51C4A}"
EndProject
Project("{FAE04EC0-301F-11D3-BF4B-00C04F79EFBC}") = "Tyuiu.GalchinskayaVV.Sprint4.Task1.V15", "Tyuiu.GalchinskayaVV.Sprint4.Task1.V15\Tyuiu.GalchinskayaVV.Sprint4.Task1.V15.csproj", "{709DC463-FA4F-444C-85E9-BD5E300E55D4}"
EndProject
Project("{FAE04EC0-301F-11D3-BF4B-00C04F79EFBC}") = "Tyuiu.GalchinskayaVV.Sprint4.Task1.V15.Test", "Tyuiu.GalchinskayaVV.Sprint4.Task1.V15.Test\Tyuiu.GalchinskayaVV.Sprint4.Task1.V15.Test.csproj", "{FD6DDCF2-F118-4673-BB37-D386556CF99E}"
EndProject
Global
	GlobalSection(SolutionConfigurationPlatforms) = preSolution
		Debug|Any CPU = Debug|Any CPU
		Release|Any CPU = Release|Any CPU
	EndGlobalSection
	GlobalSection(ProjectConfigurationPlatforms) = postSolution
		{9551CF54-9A23-458D-8E2D-C26D13A50262}.Debug|Any CPU.ActiveCfg = Debug|Any CPU
		{9551CF54-9A23-458D-8E2D-C26D13A50262}.Debug|Any CPU.Build.0 = Debug|Any CPU
		{9551CF54-9A23-458D-8E2D-C26D13A50262}.Release|Any CPU.ActiveCfg = Release|Any CPU
		{9551CF54-9A23-458D-8E2D-C26D13A50262}.Release|Any CPU.Build.0 = Release|Any CPU
		{45E2E15A-5FEB-4ED4-B9F8-DD9FF927AA9D}.Debug|Any CPU.ActiveCfg = Debug|Any CPU
		{45E2E15A-5FEB-4ED4-B9F8-DD9FF927AA9D}.Debug|Any CPU.Build.0 = Debug|Any CPU
		{45E2E15A-5FEB-4ED4-B9F8-DD9FF927AA9D}.Release|Any CPU.ActiveCfg = Release|Any CPU
		{45E2E15A-5FEB-4ED4-B9F8-DD9FF927AA9D}.Release|Any CPU.Build.0 = Release|Any CPU
		{EB813B4D-D4AB-4537-B2A2-848E1DA34B2B}.Debug|Any CPU.ActiveCfg = Debug|Any CPU
		{EB813B4D-D4AB-4537-B2A2-848E1DA34B2B}.Debug|Any CPU.Build.0 = Debug|Any CPU
		{EB813B4D-D4AB-4537-B2A2-848E1DA34B2B}.Release|Any CPU.ActiveCfg = Release|Any CPU
		{EB813B4D-D4AB-4537-B2A2-848E1DA34B2B}.Release|Any CPU.Build.0 = Release|Any CPU
		{9CA29D2C-694B-4BF6-A315-2B58AAB51C4A}.Debug|Any CPU.ActiveCfg = Debug|Any CPU
		{9CA29D2C-694B-4BF6-A315-2B58AAB51C4A}.Debug|Any CPU.Build.0 = Debug|Any CPU
		{9CA29D2C-694B-4BF6-A315-2B58AAB51C4A}.Release|Any CPU.ActiveCfg = Release|Any CPU
		{9CA29D2C-694B-4BF6-A315-2B58AAB51C4A}.Release|Any CPU.Build.0 = Release|Any CPU
		{709DC463-FA4F-444C-85E9-BD5E300E55D4}.Debug|Any CPU.ActiveCfg = Debug|Any CPU
		{709DC463-FA4F-444C-85E9-BD5E300E55D4}.Debug|Any CPU.Build.0 = Debug|Any CPU
		{709DC463-FA4F-444C-85E9-BD5E300E55D4}.Release|Any CPU.ActiveCfg = Release|Any CPU
		{709DC463-FA4F-444C-85E9-BD5E300E55D4}.Release|Any CPU.Build.0 = Release|Any CPU
		{FD6DDCF2-F118-4673-BB37-D386556CF99E}.Debug|Any CPU.ActiveCfg = Debug|Any CPU
		{FD6DDCF2-F118-4673-BB37-D386556CF99E}.Debug|Any CPU.Build.0 = Debug|Any CPU
		{FD6DDCF2-F118-4673-BB37-D386556CF99E}.Release|Any CPU.ActiveCfg = Release|Any CPU
		{FD6DDCF2-F118-4673-BB37-D386556CF99E}.Release|Any CPU.Build.0 = Release|Any CPU
	EndGlobalSection
	GlobalSection(SolutionProperties) = preSolution
		HideSolutionNode = FALSE
	EndGlobalSection
	GlobalSection(NestedProjects) = preSolution
		{9551CF54-9A23-458D-8E2D-C26D13A50262} = {02EA681E-C7D8-13C7-8484-4AC65E1B71E8}
		{45E2E15A-5FEB-4ED4-B9F8-DD9FF927AA9D} = {02EA681E-C7D8-13C7-8484-4AC65E1B71E8}
		{EB813B4D-D4AB-4537-B2A2-848E1DA34B2B} = {02EA681E-C7D8-13C7-8484-4AC65E1B71E8}
		{9CA29D2C-694B-4BF6-A315-2B58AAB51C4A} = {EC673C69-457F-408E-BD94-898195691892}
		{709DC463-FA4F-444C-85E9-BD5E300E55D4} = {EC673C69-457F-408E-BD94-898195691892}
		{FD6DDCF2-F118-4673-BB37-D386556CF99E} = {EC673C69-457F-408E-BD94-898195691892}
	EndGlobalSection
	GlobalSection(ExtensibilityGlobals) = postSolution
		SolutionGuid = {459EAD3F-7B2C-4D6F-A0E9-888E9923FA63}
	EndGlobalSection
EndGlobal
