
Microsoft Visual Studio Solution File, Format Version 12.00
# Visual Studio Version 17
VisualStudioVersion = 17.14.36429.23
MinimumVisualStudioVersion = 10.0.40219.1
Project("{2150E333-8FDC-42A3-9474-1A3956D46DE8}") = "Task0", "Task0", "{02EA681E-C7D8-13C7-8484-4AC65E1B71E8}"
EndProject
Project("{FAE04EC0-301F-11D3-BF4B-00C04F79EFBC}") = "Tyuiu.GalchinskayaVV.Sprint4.Task0.V15.Test", "Tyuiu.GalchinskayaVV.Sprint4.Task0.V15.Test\Tyuiu.GalchinskayaVV.Sprint4.Task0.V15.Test.csproj", "{9551CF54-9A23-458D-8E2D-C26D13A50262}"
EndProject
Project("{FAE04EC0-301F-11D3-BF4B-00C04F79EFBC}") = "Tyuiu.GalchinskayaVV.Sprint4.Task0.V15.Lib", "Tyuiu.GalchinskayaVV.Sprint4.Task0.V15.Lib\Tyuiu.GalchinskayaVV.Sprint4.Task0.V15.Lib.csproj", "{45E2E15A-5FEB-4ED4-B9F8-DD9FF927AA9D}"
EndProject
Project("{FAE04EC0-301F-11D3-BF4B-00C04F79EFBC}") = "Tyuiu.GalchinskayaVV.Sprint4.Task0.V15", "Tyuiu.GalchinskayaVV.Sprint4.Task0.V15\Tyuiu.GalchinskayaVV.Sprint4.Task0.V15.csproj", "{EB813B4D-D4AB-4537-B2A2-848E1DA34B2B}"
EndProject
Project("{2150E333-8FDC-42A3-9474-1A3956D46DE8}") = "Task1", "Task1", "{EC673C69-457F-408E-BD94-898195691892}"
EndProject
Project("{2150E333-8FDC-42A3-9474-1A3956D46DE8}") = "Task2", "Task2", "{6795F8BE-CAF0-4980-8C65-87BE5CB17686}"
EndProject
Project("{2150E333-8FDC-42A3-9474-1A3956D46DE8}") = "Task3", "Task3", "{A1BD780C-1E6F-4EC2-979C-7B7F683408B3}"
EndProject
Project("{2150E333-8FDC-42A3-9474-1A3956D46DE8}") = "Task4", "Task4", "{CC5EDEDE-92D7-4049-A559-415F1403E23A}"
EndProject
Project("{2150E333-8FDC-42A3-9474-1A3956D46DE8}") = "Task5", "Task5", "{1D54896B-4EA0-49AD-8824-75AFEC62C4FF}"
EndProject
Project("{2150E333-8FDC-42A3-9474-1A3956D46DE8}") = "Task6", "Task6", "{1207F61F-93B4-40A8-BC1E-A44314E69B7A}"
EndProject
Project("{2150E333-8FDC-42A3-9474-1A3956D46DE8}") = "Task7", "Task7", "{D6F7CE5D-58AD-41B6-8EDD-5D525AB7D9B7}"
EndProject
Project("{FAE04EC0-301F-11D3-BF4B-00C04F79EFBC}") = "Tyuiu.GalchinskayaVV.Sprint4.Task1.V9.Test", "Tyuiu.GalchinskayaVV.Sprint4.Task1.V9.Test\Tyuiu.GalchinskayaVV.Sprint4.Task1.V9.Test.csproj", "{1321FFA7-1CB1-420E-ABCC-31D8611931A9}"
EndProject
Project("{FAE04EC0-301F-11D3-BF4B-00C04F79EFBC}") = "Tyuiu.GalchinskayaVV.Sprint4.Task1.V9", "Tyuiu.GalchinskayaVV.Sprint4.Task1.V9\Tyuiu.GalchinskayaVV.Sprint4.Task1.V9.csproj", "{2CD226FA-2617-4B3A-8696-C10049928F09}"
EndProject
Project("{FAE04EC0-301F-11D3-BF4B-00C04F79EFBC}") = "Tyuiu.GalchinskayaVV.Sprint4.Task1.V9.Lib", "Tyuiu.GalchinskayaVV.Sprint4.Task1.V9.Lib\Tyuiu.GalchinskayaVV.Sprint4.Task1.V9.Lib.csproj", "{F7A6D929-D16B-4AEC-A861-4CBF644121BA}"
EndProject
Project("{FAE04EC0-301F-11D3-BF4B-00C04F79EFBC}") = "Tyuiu.GalchinskayaVV.Sprint4.Task2.V1.Lib", "Tyuiu.GalchinskayaVV.Sprint4.Task2.V1.Lib\Tyuiu.GalchinskayaVV.Sprint4.Task2.V1.Lib.csproj", "{83415948-E81F-4E95-9320-7A6AE6EDF861}"
EndProject
Project("{FAE04EC0-301F-11D3-BF4B-00C04F79EFBC}") = "Tyuiu.GalchinskayaVV.Sprint4.Task2.V1", "Tyuiu.GalchinskayaVV.Sprint4.Task2.V1\Tyuiu.GalchinskayaVV.Sprint4.Task2.V1.csproj", "{CDCA4A10-5903-4E71-83E8-ACBAD35B71DD}"
EndProject
Project("{FAE04EC0-301F-11D3-BF4B-00C04F79EFBC}") = "Tyuiu.GalchinskayaVV.Sprint4.Task2.V1.Test", "Tyuiu.GalchinskayaVV.Sprint4.Task2.V1.Test\Tyuiu.GalchinskayaVV.Sprint4.Task2.V1.Test.csproj", "{13FEB79E-06BD-4E42-88C8-21551125CEA2}"
EndProject
Project("{FAE04EC0-301F-11D3-BF4B-00C04F79EFBC}") = "Tyuiu.GalchinskayaVV.Sprint4.Task3.V3.Test", "Tyuiu.GalchinskayaVV.Sprint4.Task3.V3.Test\Tyuiu.GalchinskayaVV.Sprint4.Task3.V3.Test.csproj", "{016E3586-FBED-410B-BFF4-351B4CB5D523}"
EndProject
Project("{FAE04EC0-301F-11D3-BF4B-00C04F79EFBC}") = "Tyuiu.GalchinskayaVV.Sprint4.Task3.V3", "Tyuiu.GalchinskayaVV.Sprint4.Task3.V3\Tyuiu.GalchinskayaVV.Sprint4.Task3.V3.csproj", "{674158AD-64C7-4FC4-A8DF-2DB87033CA2E}"
EndProject
Project("{FAE04EC0-301F-11D3-BF4B-00C04F79EFBC}") = "Tyuiu.GalchinskayaVV.Sprint4.Task3.V3.Lib", "Tyuiu.GalchinskayaVV.Sprint4.Task3.V3.Lib\Tyuiu.GalchinskayaVV.Sprint4.Task3.V3.Lib.csproj", "{91A02D00-346A-4647-94D1-9B0300023B06}"
EndProject
Project("{FAE04EC0-301F-11D3-BF4B-00C04F79EFBC}") = "Tyuiu.GalchinskayaVV.Sprint4.Task4.V11.Lib", "Tyuiu.GalchinskayaVV.Sprint4.Task4.V11.Lib\Tyuiu.GalchinskayaVV.Sprint4.Task4.V11.Lib.csproj", "{39F76472-7827-4956-9DF0-625D41D709EB}"
EndProject
Project("{FAE04EC0-301F-11D3-BF4B-00C04F79EFBC}") = "Tyuiu.GalchinskayaVV.Sprint4.Task4.V11", "Tyuiu.GalchinskayaVV.Sprint4.Task4.V11\Tyuiu.GalchinskayaVV.Sprint4.Task4.V11.csproj", "{7AD58DFE-F6A5-4AFE-A6AC-F512EBEA495F}"
EndProject
Project("{FAE04EC0-301F-11D3-BF4B-00C04F79EFBC}") = "Tyuiu.GalchinskayaVV.Sprint4.Task4.V11.Test", "Tyuiu.GalchinskayaVV.Sprint4.Task4.V11.Test\Tyuiu.GalchinskayaVV.Sprint4.Task4.V11.Test.csproj", "{5F488C04-E444-45CC-B548-45BFE9889C5E}"
EndProject
Project("{FAE04EC0-301F-11D3-BF4B-00C04F79EFBC}") = "Tyuiu.GalchinskayaVV.Sprint4.Task5.V17.Test", "Tyuiu.GalchinskayaVV.Sprint4.Task5.V17.Test\Tyuiu.GalchinskayaVV.Sprint4.Task5.V17.Test.csproj", "{92366EA3-B899-4605-A78D-B5F6D8D31310}"
EndProject
Project("{FAE04EC0-301F-11D3-BF4B-00C04F79EFBC}") = "Tyuiu.GalchinskayaVV.Sprint4.Task5.V17", "Tyuiu.GalchinskayaVV.Sprint4.Task5.V17\Tyuiu.GalchinskayaVV.Sprint4.Task5.V17.csproj", "{FD61FA08-2BBE-4261-BAF6-916AD5C3C55B}"
EndProject
Project("{FAE04EC0-301F-11D3-BF4B-00C04F79EFBC}") = "Tyuiu.GalchinskayaVV.Sprint4.Task5.V17.Lib", "Tyuiu.GalchinskayaVV.Sprint4.Task5.V17.Lib\Tyuiu.GalchinskayaVV.Sprint4.Task5.V17.Lib.csproj", "{90085C6A-5D95-401C-B7A9-B1D456E26CA3}"
EndProject
Project("{FAE04EC0-301F-11D3-BF4B-00C04F79EFBC}") = "Tyuiu.GalchinskayaVV.Sprint4.Task6.V17.Lib", "Tyuiu.GalchinskayaVV.Sprint4.Task6.V17.Lib\Tyuiu.GalchinskayaVV.Sprint4.Task6.V17.Lib.csproj", "{F109ACAE-A3A6-49E8-BC97-1A4E539C6BE6}"
EndProject
Project("{FAE04EC0-301F-11D3-BF4B-00C04F79EFBC}") = "Tyuiu.GalchinskayaVV.Sprint4.Task6.V17", "Tyuiu.GalchinskayaVV.Sprint4.Task6.V17\Tyuiu.GalchinskayaVV.Sprint4.Task6.V17.csproj", "{844FE056-B6B2-44A2-969C-FEC3A5AD8DA9}"
EndProject
Project("{FAE04EC0-301F-11D3-BF4B-00C04F79EFBC}") = "Tyuiu.GalchinskayaVV.Sprint4.Task6.V17.Test", "Tyuiu.GalchinskayaVV.Sprint4.Task6.V17.Test\Tyuiu.GalchinskayaVV.Sprint4.Task6.V17.Test.csproj", "{9E7A4E15-6F5B-433D-8EC4-A62DC9EBEC66}"
EndProject
Project("{FAE04EC0-301F-11D3-BF4B-00C04F79EFBC}") = "Tyuiu.GalchinskayaVV.Sprint4.Task7.V24.Test", "Tyuiu.GalchinskayaVV.Sprint4.Task7.V24.Test\Tyuiu.GalchinskayaVV.Sprint4.Task7.V24.Test.csproj", "{D7857C51-1FE3-4511-95AB-D99413BFDA4F}"
EndProject
Project("{FAE04EC0-301F-11D3-BF4B-00C04F79EFBC}") = "Tyuiu.GalchinskayaVV.Sprint4.Task7.V24", "Tyuiu.GalchinskayaVV.Sprint4.Task7.V24\Tyuiu.GalchinskayaVV.Sprint4.Task7.V24.csproj", "{E99B9A7D-B7BA-4227-A374-AF0746F9429A}"
EndProject
Project("{FAE04EC0-301F-11D3-BF4B-00C04F79EFBC}") = "Tyuiu.GalchinskayaVV.Sprint4.Task7.V24.Lib", "Tyuiu.GalchinskayaVV.Sprint4.Task7.V24.Lib\Tyuiu.GalchinskayaVV.Sprint4.Task7.V24.Lib.csproj", "{A9048152-90F5-4682-9284-B46717D59B2F}"
EndProject
Global
	GlobalSection(SolutionConfigurationPlatforms) = preSolution
		Debug|Any CPU = Debug|Any CPU
		Release|Any CPU = Release|Any CPU
	EndGlobalSection
	GlobalSection(ProjectConfigurationPlatforms) = postSolution
		{9551CF54-9A23-458D-8E2D-C26D13A50262}.Debug|Any CPU.ActiveCfg = Debug|Any CPU
		{9551CF54-9A23-458D-8E2D-C26D13A50262}.Debug|Any CPU.Build.0 = Debug|Any CPU
		{9551CF54-9A23-458D-8E2D-C26D13A50262}.Release|Any CPU.ActiveCfg = Release|Any CPU
		{9551CF54-9A23-458D-8E2D-C26D13A50262}.Release|Any CPU.Build.0 = Release|Any CPU
		{45E2E15A-5FEB-4ED4-B9F8-DD9FF927AA9D}.Debug|Any CPU.ActiveCfg = Debug|Any CPU
		{45E2E15A-5FEB-4ED4-B9F8-DD9FF927AA9D}.Debug|Any CPU.Build.0 = Debug|Any CPU
		{45E2E15A-5FEB-4ED4-B9F8-DD9FF927AA9D}.Release|Any CPU.ActiveCfg = Release|Any CPU
		{45E2E15A-5FEB-4ED4-B9F8-DD9FF927AA9D}.Release|Any CPU.Build.0 = Release|Any CPU
		{EB813B4D-D4AB-4537-B2A2-848E1DA34B2B}.Debug|Any CPU.ActiveCfg = Debug|Any CPU
		{EB813B4D-D4AB-4537-B2A2-848E1DA34B2B}.Debug|Any CPU.Build.0 = Debug|Any CPU
		{EB813B4D-D4AB-4537-B2A2-848E1DA34B2B}.Release|Any CPU.ActiveCfg = Release|Any CPU
		{EB813B4D-D4AB-4537-B2A2-848E1DA34B2B}.Release|Any CPU.Build.0 = Release|Any CPU
		{1321FFA7-1CB1-420E-ABCC-31D8611931A9}.Debug|Any CPU.ActiveCfg = Debug|Any CPU
		{1321FFA7-1CB1-420E-ABCC-31D8611931A9}.Debug|Any CPU.Build.0 = Debug|Any CPU
		{1321FFA7-1CB1-420E-ABCC-31D8611931A9}.Release|Any CPU.ActiveCfg = Release|Any CPU
		{1321FFA7-1CB1-420E-ABCC-31D8611931A9}.Release|Any CPU.Build.0 = Release|Any CPU
		{2CD226FA-2617-4B3A-8696-C10049928F09}.Debug|Any CPU.ActiveCfg = Debug|Any CPU
		{2CD226FA-2617-4B3A-8696-C10049928F09}.Debug|Any CPU.Build.0 = Debug|Any CPU
		{2CD226FA-2617-4B3A-8696-C10049928F09}.Release|Any CPU.ActiveCfg = Release|Any CPU
		{2CD226FA-2617-4B3A-8696-C10049928F09}.Release|Any CPU.Build.0 = Release|Any CPU
		{F7A6D929-D16B-4AEC-A861-4CBF644121BA}.Debug|Any CPU.ActiveCfg = Debug|Any CPU
		{F7A6D929-D16B-4AEC-A861-4CBF644121BA}.Debug|Any CPU.Build.0 = Debug|Any CPU
		{F7A6D929-D16B-4AEC-A861-4CBF644121BA}.Release|Any CPU.ActiveCfg = Release|Any CPU
		{F7A6D929-D16B-4AEC-A861-4CBF644121BA}.Release|Any CPU.Build.0 = Release|Any CPU
		{83415948-E81F-4E95-9320-7A6AE6EDF861}.Debug|Any CPU.ActiveCfg = Debug|Any CPU
		{83415948-E81F-4E95-9320-7A6AE6EDF861}.Debug|Any CPU.Build.0 = Debug|Any CPU
		{83415948-E81F-4E95-9320-7A6AE6EDF861}.Release|Any CPU.ActiveCfg = Release|Any CPU
		{83415948-E81F-4E95-9320-7A6AE6EDF861}.Release|Any CPU.Build.0 = Release|Any CPU
		{CDCA4A10-5903-4E71-83E8-ACBAD35B71DD}.Debug|Any CPU.ActiveCfg = Debug|Any CPU
		{CDCA4A10-5903-4E71-83E8-ACBAD35B71DD}.Debug|Any CPU.Build.0 = Debug|Any CPU
		{CDCA4A10-5903-4E71-83E8-ACBAD35B71DD}.Release|Any CPU.ActiveCfg = Release|Any CPU
		{CDCA4A10-5903-4E71-83E8-ACBAD35B71DD}.Release|Any CPU.Build.0 = Release|Any CPU
		{13FEB79E-06BD-4E42-88C8-21551125CEA2}.Debug|Any CPU.ActiveCfg = Debug|Any CPU
		{13FEB79E-06BD-4E42-88C8-21551125CEA2}.Debug|Any CPU.Build.0 = Debug|Any CPU
		{13FEB79E-06BD-4E42-88C8-21551125CEA2}.Release|Any CPU.ActiveCfg = Release|Any CPU
		{13FEB79E-06BD-4E42-88C8-21551125CEA2}.Release|Any CPU.Build.0 = Release|Any CPU
		{016E3586-FBED-410B-BFF4-351B4CB5D523}.Debug|Any CPU.ActiveCfg = Debug|Any CPU
		{016E3586-FBED-410B-BFF4-351B4CB5D523}.Debug|Any CPU.Build.0 = Debug|Any CPU
		{016E3586-FBED-410B-BFF4-351B4CB5D523}.Release|Any CPU.ActiveCfg = Release|Any CPU
		{016E3586-FBED-410B-BFF4-351B4CB5D523}.Release|Any CPU.Build.0 = Release|Any CPU
		{674158AD-64C7-4FC4-A8DF-2DB87033CA2E}.Debug|Any CPU.ActiveCfg = Debug|Any CPU
		{674158AD-64C7-4FC4-A8DF-2DB87033CA2E}.Debug|Any CPU.Build.0 = Debug|Any CPU
		{674158AD-64C7-4FC4-A8DF-2DB87033CA2E}.Release|Any CPU.ActiveCfg = Release|Any CPU
		{674158AD-64C7-4FC4-A8DF-2DB87033CA2E}.Release|Any CPU.Build.0 = Release|Any CPU
		{91A02D00-346A-4647-94D1-9B0300023B06}.Debug|Any CPU.ActiveCfg = Debug|Any CPU
		{91A02D00-346A-4647-94D1-9B0300023B06}.Debug|Any CPU.Build.0 = Debug|Any CPU
		{91A02D00-346A-4647-94D1-9B0300023B06}.Release|Any CPU.ActiveCfg = Release|Any CPU
		{91A02D00-346A-4647-94D1-9B0300023B06}.Release|Any CPU.Build.0 = Release|Any CPU
		{39F76472-7827-4956-9DF0-625D41D709EB}.Debug|Any CPU.ActiveCfg = Debug|Any CPU
		{39F76472-7827-4956-9DF0-625D41D709EB}.Debug|Any CPU.Build.0 = Debug|Any CPU
		{39F76472-7827-4956-9DF0-625D41D709EB}.Release|Any CPU.ActiveCfg = Release|Any CPU
		{39F76472-7827-4956-9DF0-625D41D709EB}.Release|Any CPU.Build.0 = Release|Any CPU
		{7AD58DFE-F6A5-4AFE-A6AC-F512EBEA495F}.Debug|Any CPU.ActiveCfg = Debug|Any CPU
		{7AD58DFE-F6A5-4AFE-A6AC-F512EBEA495F}.Debug|Any CPU.Build.0 = Debug|Any CPU
		{7AD58DFE-F6A5-4AFE-A6AC-F512EBEA495F}.Release|Any CPU.ActiveCfg = Release|Any CPU
		{7AD58DFE-F6A5-4AFE-A6AC-F512EBEA495F}.Release|Any CPU.Build.0 = Release|Any CPU
		{5F488C04-E444-45CC-B548-45BFE9889C5E}.Debug|Any CPU.ActiveCfg = Debug|Any CPU
		{5F488C04-E444-45CC-B548-45BFE9889C5E}.Debug|Any CPU.Build.0 = Debug|Any CPU
		{5F488C04-E444-45CC-B548-45BFE9889C5E}.Release|Any CPU.ActiveCfg = Release|Any CPU
		{5F488C04-E444-45CC-B548-45BFE9889C5E}.Release|Any CPU.Build.0 = Release|Any CPU
		{92366EA3-B899-4605-A78D-B5F6D8D31310}.Debug|Any CPU.ActiveCfg = Debug|Any CPU
		{92366EA3-B899-4605-A78D-B5F6D8D31310}.Debug|Any CPU.Build.0 = Debug|Any CPU
		{92366EA3-B899-4605-A78D-B5F6D8D31310}.Release|Any CPU.ActiveCfg = Release|Any CPU
		{92366EA3-B899-4605-A78D-B5F6D8D31310}.Release|Any CPU.Build.0 = Release|Any CPU
		{FD61FA08-2BBE-4261-BAF6-916AD5C3C55B}.Debug|Any CPU.ActiveCfg = Debug|Any CPU
		{FD61FA08-2BBE-4261-BAF6-916AD5C3C55B}.Debug|Any CPU.Build.0 = Debug|Any CPU
		{FD61FA08-2BBE-4261-BAF6-916AD5C3C55B}.Release|Any CPU.ActiveCfg = Release|Any CPU
		{FD61FA08-2BBE-4261-BAF6-916AD5C3C55B}.Release|Any CPU.Build.0 = Release|Any CPU
		{90085C6A-5D95-401C-B7A9-B1D456E26CA3}.Debug|Any CPU.ActiveCfg = Debug|Any CPU
		{90085C6A-5D95-401C-B7A9-B1D456E26CA3}.Debug|Any CPU.Build.0 = Debug|Any CPU
		{90085C6A-5D95-401C-B7A9-B1D456E26CA3}.Release|Any CPU.ActiveCfg = Release|Any CPU
		{90085C6A-5D95-401C-B7A9-B1D456E26CA3}.Release|Any CPU.Build.0 = Release|Any CPU
		{F109ACAE-A3A6-49E8-BC97-1A4E539C6BE6}.Debug|Any CPU.ActiveCfg = Debug|Any CPU
		{F109ACAE-A3A6-49E8-BC97-1A4E539C6BE6}.Debug|Any CPU.Build.0 = Debug|Any CPU
		{F109ACAE-A3A6-49E8-BC97-1A4E539C6BE6}.Release|Any CPU.ActiveCfg = Release|Any CPU
		{F109ACAE-A3A6-49E8-BC97-1A4E539C6BE6}.Release|Any CPU.Build.0 = Release|Any CPU
		{844FE056-B6B2-44A2-969C-FEC3A5AD8DA9}.Debug|Any CPU.ActiveCfg = Debug|Any CPU
		{844FE056-B6B2-44A2-969C-FEC3A5AD8DA9}.Debug|Any CPU.Build.0 = Debug|Any CPU
		{844FE056-B6B2-44A2-969C-FEC3A5AD8DA9}.Release|Any CPU.ActiveCfg = Release|Any CPU
		{844FE056-B6B2-44A2-969C-FEC3A5AD8DA9}.Release|Any CPU.Build.0 = Release|Any CPU
		{9E7A4E15-6F5B-433D-8EC4-A62DC9EBEC66}.Debug|Any CPU.ActiveCfg = Debug|Any CPU
		{9E7A4E15-6F5B-433D-8EC4-A62DC9EBEC66}.Debug|Any CPU.Build.0 = Debug|Any CPU
		{9E7A4E15-6F5B-433D-8EC4-A62DC9EBEC66}.Release|Any CPU.ActiveCfg = Release|Any CPU
		{9E7A4E15-6F5B-433D-8EC4-A62DC9EBEC66}.Release|Any CPU.Build.0 = Release|Any CPU
		{D7857C51-1FE3-4511-95AB-D99413BFDA4F}.Debug|Any CPU.ActiveCfg = Debug|Any CPU
		{D7857C51-1FE3-4511-95AB-D99413BFDA4F}.Debug|Any CPU.Build.0 = Debug|Any CPU
		{D7857C51-1FE3-4511-95AB-D99413BFDA4F}.Release|Any CPU.ActiveCfg = Release|Any CPU
		{D7857C51-1FE3-4511-95AB-D99413BFDA4F}.Release|Any CPU.Build.0 = Release|Any CPU
		{E99B9A7D-B7BA-4227-A374-AF0746F9429A}.Debug|Any CPU.ActiveCfg = Debug|Any CPU
		{E99B9A7D-B7BA-4227-A374-AF0746F9429A}.Debug|Any CPU.Build.0 = Debug|Any CPU
		{E99B9A7D-B7BA-4227-A374-AF0746F9429A}.Release|Any CPU.ActiveCfg = Release|Any CPU
		{E99B9A7D-B7BA-4227-A374-AF0746F9429A}.Release|Any CPU.Build.0 = Release|Any CPU
		{A9048152-90F5-4682-9284-B46717D59B2F}.Debug|Any CPU.ActiveCfg = Debug|Any CPU
		{A9048152-90F5-4682-9284-B46717D59B2F}.Debug|Any CPU.Build.0 = Debug|Any CPU
		{A9048152-90F5-4682-9284-B46717D59B2F}.Release|Any CPU.ActiveCfg = Release|Any CPU
		{A9048152-90F5-4682-9284-B46717D59B2F}.Release|Any CPU.Build.0 = Release|Any CPU
	EndGlobalSection
	GlobalSection(SolutionProperties) = preSolution
		HideSolutionNode = FALSE
	EndGlobalSection
	GlobalSection(NestedProjects) = preSolution
		{9551CF54-9A23-458D-8E2D-C26D13A50262} = {02EA681E-C7D8-13C7-8484-4AC65E1B71E8}
		{45E2E15A-5FEB-4ED4-B9F8-DD9FF927AA9D} = {02EA681E-C7D8-13C7-8484-4AC65E1B71E8}
		{EB813B4D-D4AB-4537-B2A2-848E1DA34B2B} = {02EA681E-C7D8-13C7-8484-4AC65E1B71E8}
		{1321FFA7-1CB1-420E-ABCC-31D8611931A9} = {EC673C69-457F-408E-BD94-898195691892}
		{2CD226FA-2617-4B3A-8696-C10049928F09} = {EC673C69-457F-408E-BD94-898195691892}
		{F7A6D929-D16B-4AEC-A861-4CBF644121BA} = {EC673C69-457F-408E-BD94-898195691892}
		{83415948-E81F-4E95-9320-7A6AE6EDF861} = {6795F8BE-CAF0-4980-8C65-87BE5CB17686}
		{CDCA4A10-5903-4E71-83E8-ACBAD35B71DD} = {6795F8BE-CAF0-4980-8C65-87BE5CB17686}
		{13FEB79E-06BD-4E42-88C8-21551125CEA2} = {6795F8BE-CAF0-4980-8C65-87BE5CB17686}
		{016E3586-FBED-410B-BFF4-351B4CB5D523} = {A1BD780C-1E6F-4EC2-979C-7B7F683408B3}
		{674158AD-64C7-4FC4-A8DF-2DB87033CA2E} = {A1BD780C-1E6F-4EC2-979C-7B7F683408B3}
		{91A02D00-346A-4647-94D1-9B0300023B06} = {A1BD780C-1E6F-4EC2-979C-7B7F683408B3}
		{39F76472-7827-4956-9DF0-625D41D709EB} = {CC5EDEDE-92D7-4049-A559-415F1403E23A}
		{7AD58DFE-F6A5-4AFE-A6AC-F512EBEA495F} = {CC5EDEDE-92D7-4049-A559-415F1403E23A}
		{5F488C04-E444-45CC-B548-45BFE9889C5E} = {CC5EDEDE-92D7-4049-A559-415F1403E23A}
		{92366EA3-B899-4605-A78D-B5F6D8D31310} = {1D54896B-4EA0-49AD-8824-75AFEC62C4FF}
		{FD61FA08-2BBE-4261-BAF6-916AD5C3C55B} = {1D54896B-4EA0-49AD-8824-75AFEC62C4FF}
		{90085C6A-5D95-401C-B7A9-B1D456E26CA3} = {1D54896B-4EA0-49AD-8824-75AFEC62C4FF}
		{F109ACAE-A3A6-49E8-BC97-1A4E539C6BE6} = {1207F61F-93B4-40A8-BC1E-A44314E69B7A}
		{844FE056-B6B2-44A2-969C-FEC3A5AD8DA9} = {1207F61F-93B4-40A8-BC1E-A44314E69B7A}
		{9E7A4E15-6F5B-433D-8EC4-A62DC9EBEC66} = {1207F61F-93B4-40A8-BC1E-A44314E69B7A}
		{D7857C51-1FE3-4511-95AB-D99413BFDA4F} = {D6F7CE5D-58AD-41B6-8EDD-5D525AB7D9B7}
		{E99B9A7D-B7BA-4227-A374-AF0746F9429A} = {D6F7CE5D-58AD-41B6-8EDD-5D525AB7D9B7}
		{A9048152-90F5-4682-9284-B46717D59B2F} = {D6F7CE5D-58AD-41B6-8EDD-5D525AB7D9B7}
	EndGlobalSection
	GlobalSection(ExtensibilityGlobals) = postSolution
		SolutionGuid = {459EAD3F-7B2C-4D6F-A0E9-888E9923FA63}
	EndGlobalSection
EndGlobal
